// !$*UTF8*$!
{
	archiveVersion = 1;
	classes = {
	};
	objectVersion = 46;
	objects = {

/* Begin PBXBuildFile section */
		7EF9AC4B1CA8237100083EC2 /* main.m in Sources */ = {isa = PBXBuildFile; fileRef = 7EF9AC4A1CA8237100083EC2 /* main.m */; };
		7EF9AC4E1CA8237100083EC2 /* AppDelegate.m in Sources */ = {isa = PBXBuildFile; fileRef = 7EF9AC4D1CA8237100083EC2 /* AppDelegate.m */; };
		7EF9AC511CA8237100083EC2 /* ViewController.m in Sources */ = {isa = PBXBuildFile; fileRef = 7EF9AC501CA8237100083EC2 /* ViewController.m */; };
		7EF9AC541CA8237100083EC2 /* Main.storyboard in Resources */ = {isa = PBXBuildFile; fileRef = 7EF9AC521CA8237100083EC2 /* Main.storyboard */; };
		7EF9AC561CA8237100083EC2 /* Assets.xcassets in Resources */ = {isa = PBXBuildFile; fileRef = 7EF9AC551CA8237100083EC2 /* Assets.xcassets */; };
		7EF9AC591CA8237100083EC2 /* LaunchScreen.storyboard in Resources */ = {isa = PBXBuildFile; fileRef = 7EF9AC571CA8237100083EC2 /* LaunchScreen.storyboard */; };
		7EF9AC641CA8237100083EC2 /* anjuwangTests.m in Sources */ = {isa = PBXBuildFile; fileRef = 7EF9AC631CA8237100083EC2 /* anjuwangTests.m */; };
		7EF9AC6F1CA8237100083EC2 /* anjuwangUITests.m in Sources */ = {isa = PBXBuildFile; fileRef = 7EF9AC6E1CA8237100083EC2 /* anjuwangUITests.m */; };
/* End PBXBuildFile section */

/* Begin PBXContainerItemProxy section */
		7EF9AC601CA8237100083EC2 /* PBXContainerItemProxy */ = {
			isa = PBXContainerItemProxy;
			containerPortal = 7EF9AC3E1CA8237100083EC2 /* Project object */;
			proxyType = 1;
			remoteGlobalIDString = 7EF9AC451CA8237100083EC2;
			remoteInfo = anjuwang;
		};
		7EF9AC6B1CA8237100083EC2 /* PBXContainerItemProxy */ = {
			isa = PBXContainerItemProxy;
			containerPortal = 7EF9AC3E1CA8237100083EC2 /* Project object */;
			proxyType = 1;
			remoteGlobalIDString = 7EF9AC451CA8237100083EC2;
			remoteInfo = anjuwang;
		};
/* End PBXContainerItemProxy section */

/* Begin PBXFileReference section */
		7EF9AC461CA8237100083EC2 /* anjuwang.app */ = {isa = PBXFileReference; explicitFileType = wrapper.application; includeInIndex = 0; path = anjuwang.app; sourceTree = BUILT_PRODUCTS_DIR; };
		7EF9AC4A1CA8237100083EC2 /* main.m */ = {isa = PBXFileReference; lastKnownFileType = sourcecode.c.objc; path = main.m; sourceTree = "<group>"; };
		7EF9AC4C1CA8237100083EC2 /* AppDelegate.h */ = {isa = PBXFileReference; lastKnownFileType = sourcecode.c.h; path = AppDelegate.h; sourceTree = "<group>"; };
		7EF9AC4D1CA8237100083EC2 /* AppDelegate.m */ = {isa = PBXFileReference; lastKnownFileType = sourcecode.c.objc; path = AppDelegate.m; sourceTree = "<group>"; };
		7EF9AC4F1CA8237100083EC2 /* ViewController.h */ = {isa = PBXFileReference; lastKnownFileType = sourcecode.c.h; path = ViewController.h; sourceTree = "<group>"; };
		7EF9AC501CA8237100083EC2 /* ViewController.m */ = {isa = PBXFileReference; lastKnownFileType = sourcecode.c.objc; path = ViewController.m; sourceTree = "<group>"; };
		7EF9AC531CA8237100083EC2 /* Base */ = {isa = PBXFileReference; lastKnownFileType = file.storyboard; name = Base; path = Base.lproj/Main.storyboard; sourceTree = "<group>"; };
		7EF9AC551CA8237100083EC2 /* Assets.xcassets */ = {isa = PBXFileReference; lastKnownFileType = folder.assetcatalog; path = Assets.xcassets; sourceTree = "<group>"; };
		7EF9AC581CA8237100083EC2 /* Base */ = {isa = PBXFileReference; lastKnownFileType = file.storyboard; name = Base; path = Base.lproj/LaunchScreen.storyboard; sourceTree = "<group>"; };
		7EF9AC5A1CA8237100083EC2 /* Info.plist */ = {isa = PBXFileReference; lastKnownFileType = text.plist.xml; path = Info.plist; sourceTree = "<group>"; };
		7EF9AC5F1CA8237100083EC2 /* anjuwangTests.xctest */ = {isa = PBXFileReference; explicitFileType = wrapper.cfbundle; includeInIndex = 0; path = anjuwangTests.xctest; sourceTree = BUILT_PRODUCTS_DIR; };
		7EF9AC631CA8237100083EC2 /* anjuwangTests.m */ = {isa = PBXFileReference; lastKnownFileType = sourcecode.c.objc; path = anjuwangTests.m; sourceTree = "<group>"; };
		7EF9AC651CA8237100083EC2 /* Info.plist */ = {isa = PBXFileReference; lastKnownFileType = text.plist.xml; path = Info.plist; sourceTree = "<group>"; };
		7EF9AC6A1CA8237100083EC2 /* anjuwangUITests.xctest */ = {isa = PBXFileReference; explicitFileType = wrapper.cfbundle; includeInIndex = 0; path = anjuwangUITests.xctest; sourceTree = BUILT_PRODUCTS_DIR; };
		7EF9AC6E1CA8237100083EC2 /* anjuwangUITests.m */ = {isa = PBXFileReference; lastKnownFileType = sourcecode.c.objc; path = anjuwangUITests.m; sourceTree = "<group>"; };
		7EF9AC701CA8237100083EC2 /* Info.plist */ = {isa = PBXFileReference; lastKnownFileType = text.plist.xml; path = Info.plist; sourceTree = "<group>"; };
/* End PBXFileReference section */

/* Begin PBXFrameworksBuildPhase section */
		7EF9AC431CA8237100083EC2 /* Frameworks */ = {
			isa = PBXFrameworksBuildPhase;
			buildActionMask = 2147483647;
			files = (
			);
			runOnlyForDeploymentPostprocessing = 0;
		};
		7EF9AC5C1CA8237100083EC2 /* Frameworks */ = {
			isa = PBXFrameworksBuildPhase;
			buildActionMask = 2147483647;
			files = (
			);
			runOnlyForDeploymentPostprocessing = 0;
		};
		7EF9AC671CA8237100083EC2 /* Frameworks */ = {
			isa = PBXFrameworksBuildPhase;
			buildActionMask = 2147483647;
			files = (
			);
			runOnlyForDeploymentPostprocessing = 0;
		};
/* End PBXFrameworksBuildPhase section */

/* Begin PBXGroup section */
		7EF9AC3D1CA8237100083EC2 = {
			isa = PBXGroup;
			children = (
				7EF9AC481CA8237100083EC2 /* anjuwang */,
				7EF9AC621CA8237100083EC2 /* anjuwangTests */,
				7EF9AC6D1CA8237100083EC2 /* anjuwangUITests */,
				7EF9AC471CA8237100083EC2 /* Products */,
			);
			sourceTree = "<group>";
		};
		7EF9AC471CA8237100083EC2 /* Products */ = {
			isa = PBXGroup;
			children = (
				7EF9AC461CA8237100083EC2 /* anjuwang.app */,
				7EF9AC5F1CA8237100083EC2 /* anjuwangTests.xctest */,
				7EF9AC6A1CA8237100083EC2 /* anjuwangUITests.xctest */,
			);
			name = Products;
			sourceTree = "<group>";
		};
		7EF9AC481CA8237100083EC2 /* anjuwang */ = {
			isa = PBXGroup;
			children = (
				7EF9AC4C1CA8237100083EC2 /* AppDelegate.h */,
				7EF9AC4D1CA8237100083EC2 /* AppDelegate.m */,
				7EF9AC4F1CA8237100083EC2 /* ViewController.h */,
				7EF9AC501CA8237100083EC2 /* ViewController.m */,
				7EF9AC521CA8237100083EC2 /* Main.storyboard */,
				7EF9AC551CA8237100083EC2 /* Assets.xcassets */,
				7EF9AC571CA8237100083EC2 /* LaunchScreen.storyboard */,
				7EF9AC5A1CA8237100083EC2 /* Info.plist */,
				7EF9AC491CA8237100083EC2 /* Supporting Files */,
			);
			path = anjuwang;
			sourceTree = "<group>";
		};
		7EF9AC491CA8237100083EC2 /* Supporting Files */ = {
			isa = PBXGroup;
			children = (
				7EF9AC4A1CA8237100083EC2 /* main.m */,
			);
			name = "Supporting Files";
			sourceTree = "<group>";
		};
		7EF9AC621CA8237100083EC2 /* anjuwangTests */ = {
			isa = PBXGroup;
			children = (
				7EF9AC631CA8237100083EC2 /* anjuwangTests.m */,
				7EF9AC651CA8237100083EC2 /* Info.plist */,
			);
			path = anjuwangTests;
			sourceTree = "<group>";
		};
		7EF9AC6D1CA8237100083EC2 /* anjuwangUITests */ = {
			isa = PBXGroup;
			children = (
				7EF9AC6E1CA8237100083EC2 /* anjuwangUITests.m */,
				7EF9AC701CA8237100083EC2 /* Info.plist */,
			);
			path = anjuwangUITests;
			sourceTree = "<group>";
		};
/* End PBXGroup section */

/* Begin PBXNativeTarget section */
		7EF9AC451CA8237100083EC2 /* anjuwang */ = {
			isa = PBXNativeTarget;
			buildConfigurationList = 7EF9AC731CA8237100083EC2 /* Build configuration list for PBXNativeTarget "anjuwang" */;
			buildPhases = (
				7EF9AC421CA8237100083EC2 /* Sources */,
				7EF9AC431CA8237100083EC2 /* Frameworks */,
				7EF9AC441CA8237100083EC2 /* Resources */,
			);
			buildRules = (
			);
			dependencies = (
			);
			name = anjuwang;
			productName = anjuwang;
			productReference = 7EF9AC461CA8237100083EC2 /* anjuwang.app */;
			productType = "com.apple.product-type.application";
		};
		7EF9AC5E1CA8237100083EC2 /* anjuwangTests */ = {
			isa = PBXNativeTarget;
			buildConfigurationList = 7EF9AC761CA8237100083EC2 /* Build configuration list for PBXNativeTarget "anjuwangTests" */;
			buildPhases = (
				7EF9AC5B1CA8237100083EC2 /* Sources */,
				7EF9AC5C1CA8237100083EC2 /* Frameworks */,
				7EF9AC5D1CA8237100083EC2 /* Resources */,
			);
			buildRules = (
			);
			dependencies = (
				7EF9AC611CA8237100083EC2 /* PBXTargetDependency */,
			);
			name = anjuwangTests;
			productName = anjuwangTests;
			productReference = 7EF9AC5F1CA8237100083EC2 /* anjuwangTests.xctest */;
			productType = "com.apple.product-type.bundle.unit-test";
		};
		7EF9AC691CA8237100083EC2 /* anjuwangUITests */ = {
			isa = PBXNativeTarget;
			buildConfigurationList = 7EF9AC791CA8237100083EC2 /* Build configuration list for PBXNativeTarget "anjuwangUITests" */;
			buildPhases = (
				7EF9AC661CA8237100083EC2 /* Sources */,
				7EF9AC671CA8237100083EC2 /* Frameworks */,
				7EF9AC681CA8237100083EC2 /* Resources */,
			);
			buildRules = (
			);
			dependencies = (
				7EF9AC6C1CA8237100083EC2 /* PBXTargetDependency */,
			);
			name = anjuwangUITests;
			productName = anjuwangUITests;
			productReference = 7EF9AC6A1CA8237100083EC2 /* anjuwangUITests.xctest */;
			productType = "com.apple.product-type.bundle.ui-testing";
		};
/* End PBXNativeTarget section */

/* Begin PBXProject section */
		7EF9AC3E1CA8237100083EC2 /* Project object */ = {
			isa = PBXProject;
			attributes = {
				LastUpgradeCheck = 0720;
				ORGANIZATIONNAME = MaSimin;
				TargetAttributes = {
					7EF9AC451CA8237100083EC2 = {
						CreatedOnToolsVersion = 7.2.1;
					};
					7EF9AC5E1CA8237100083EC2 = {
						CreatedOnToolsVersion = 7.2.1;
						TestTargetID = 7EF9AC451CA8237100083EC2;
					};
					7EF9AC691CA8237100083EC2 = {
						CreatedOnToolsVersion = 7.2.1;
						TestTargetID = 7EF9AC451CA8237100083EC2;
					};
				};
			};
			buildConfigurationList = 7EF9AC411CA8237100083EC2 /* Build configuration list for PBXProject "anjuwang" */;
			compatibilityVersion = "Xcode 3.2";
			developmentRegion = English;
			hasScannedForEncodings = 0;
			knownRegions = (
				en,
				Base,
			);
			mainGroup = 7EF9AC3D1CA8237100083EC2;
			productRefGroup = 7EF9AC471CA8237100083EC2 /* Products */;
			projectDirPath = "";
			projectRoot = "";
			targets = (
				7EF9AC451CA8237100083EC2 /* anjuwang */,
				7EF9AC5E1CA8237100083EC2 /* anjuwangTests */,
				7EF9AC691CA8237100083EC2 /* anjuwangUITests */,
			);
		};
/* End PBXProject section */

/* Begin PBXResourcesBuildPhase section */
		7EF9AC441CA8237100083EC2 /* Resources */ = {
			isa = PBXResourcesBuildPhase;
			buildActionMask = 2147483647;
			files = (
				7EF9AC591CA8237100083EC2 /* LaunchScreen.storyboard in Resources */,
				7EF9AC561CA8237100083EC2 /* Assets.xcassets in Resources */,
				7EF9AC541CA8237100083EC2 /* Main.storyboard in Resources */,
			);
			runOnlyForDeploymentPostprocessing = 0;
		};
		7EF9AC5D1CA8237100083EC2 /* Resources */ = {
			isa = PBXResourcesBuildPhase;
			buildActionMask = 2147483647;
			files = (
			);
			runOnlyForDeploymentPostprocessing = 0;
		};
		7EF9AC681CA8237100083EC2 /* Resources */ = {
			isa = PBXResourcesBuildPhase;
			buildActionMask = 2147483647;
			files = (
			);
			runOnlyForDeploymentPostprocessing = 0;
		};
/* End PBXResourcesBuildPhase section */

/* Begin PBXSourcesBuildPhase section */
		7EF9AC421CA8237100083EC2 /* Sources */ = {
			isa = PBXSourcesBuildPhase;
			buildActionMask = 2147483647;
			files = (
				7EF9AC511CA8237100083EC2 /* ViewController.m in Sources */,
				7EF9AC4E1CA8237100083EC2 /* AppDelegate.m in Sources */,
				7EF9AC4B1CA8237100083EC2 /* main.m in Sources */,
			);
			runOnlyForDeploymentPostprocessing = 0;
		};
		7EF9AC5B1CA8237100083EC2 /* Sources */ = {
			isa = PBXSourcesBuildPhase;
			buildActionMask = 2147483647;
			files = (
				7EF9AC641CA8237100083EC2 /* anjuwangTests.m in Sources */,
			);
			runOnlyForDeploymentPostprocessing = 0;
		};
		7EF9AC661CA8237100083EC2 /* Sources */ = {
			isa = PBXSourcesBuildPhase;
			buildActionMask = 2147483647;
			files = (
				7EF9AC6F1CA8237100083EC2 /* anjuwangUITests.m in Sources */,
			);
			runOnlyForDeploymentPostprocessing = 0;
		};
/* End PBXSourcesBuildPhase section */

/* Begin PBXTargetDependency section */
		7EF9AC611CA8237100083EC2 /* PBXTargetDependency */ = {
			isa = PBXTargetDependency;
			target = 7EF9AC451CA8237100083EC2 /* anjuwang */;
			targetProxy = 7EF9AC601CA8237100083EC2 /* PBXContainerItemProxy */;
		};
		7EF9AC6C1CA8237100083EC2 /* PBXTargetDependency */ = {
			isa = PBXTargetDependency;
			target = 7EF9AC451CA8237100083EC2 /* anjuwang */;
			targetProxy = 7EF9AC6B1CA8237100083EC2 /* PBXContainerItemProxy */;
		};
/* End PBXTargetDependency section */

/* Begin PBXVariantGroup section */
		7EF9AC521CA8237100083EC2 /* Main.storyboard */ = {
			isa = PBXVariantGroup;
			children = (
				7EF9AC531CA8237100083EC2 /* Base */,
			);
			name = Main.storyboard;
			sourceTree = "<group>";
		};
		7EF9AC571CA8237100083EC2 /* LaunchScreen.storyboard */ = {
			isa = PBXVariantGroup;
			children = (
				7EF9AC581CA8237100083EC2 /* Base */,
			);
			name = LaunchScreen.storyboard;
			sourceTree = "<group>";
		};
/* End PBXVariantGroup section */

/* Begin XCBuildConfiguration section */
		7EF9AC711CA8237100083EC2 /* Debug */ = {
			isa = XCBuildConfiguration;
			buildSettings = {
				ALWAYS_SEARCH_USER_PATHS = NO;
				CLANG_CXX_LANGUAGE_STANDARD = "gnu++0x";
				CLANG_CXX_LIBRARY = "libc++";
				CLANG_ENABLE_MODULES = YES;
				CLANG_ENABLE_OBJC_ARC = YES;
				CLANG_WARN_BOOL_CONVERSION = YES;
				CLANG_WARN_CONSTANT_CONVERSION = YES;
				CLANG_WARN_DIRECT_OBJC_ISA_USAGE = YES_ERROR;
				CLANG_WARN_EMPTY_BODY = YES;
				CLANG_WARN_ENUM_CONVERSION = YES;
				CLANG_WARN_INT_CONVERSION = YES;
				CLANG_WARN_OBJC_ROOT_CLASS = YES_ERROR;
				CLANG_WARN_UNREACHABLE_CODE = YES;
				CLANG_WARN__DUPLICATE_METHOD_MATCH = YES;
				"CODE_SIGN_IDENTITY[sdk=iphoneos*]" = "iPhone Developer";
				COPY_PHASE_STRIP = NO;
				DEBUG_INFORMATION_FORMAT = dwarf;
				ENABLE_STRICT_OBJC_MSGSEND = YES;
				ENABLE_TESTABILITY = YES;
				GCC_C_LANGUAGE_STANDARD = gnu99;
				GCC_DYNAMIC_NO_PIC = NO;
				GCC_NO_COMMON_BLOCKS = YES;
				GCC_OPTIMIZATION_LEVEL = 0;
				GCC_PREPROCESSOR_DEFINITIONS = (
					"DEBUG=1",
					"$(inherited)",
				);
				GCC_WARN_64_TO_32_BIT_CONVERSION = YES;
				GCC_WARN_ABOUT_RETURN_TYPE = YES_ERROR;
				GCC_WARN_UNDECLARED_SELECTOR = YES;
				GCC_WARN_UNINITIALIZED_AUTOS = YES_AGGRESSIVE;
				GCC_WARN_UNUSED_FUNCTION = YES;
				GCC_WARN_UNUSED_VARIABLE = YES;
				IPHONEOS_DEPLOYMENT_TARGET = 9.2;
				MTL_ENABLE_DEBUG_INFO = YES;
				ONLY_ACTIVE_ARCH = YES;
				SDKROOT = iphoneos;
			};
			name = Debug;
		};
		7EF9AC721CA8237100083EC2 /* Release */ = {
			isa = XCBuildConfiguration;
			buildSettings = {
				ALWAYS_SEARCH_USER_PATHS = NO;
				CLANG_CXX_LANGUAGE_STANDARD = "gnu++0x";
				CLANG_CXX_LIBRARY = "libc++";
				CLANG_ENABLE_MODULES = YES;
				CLANG_ENABLE_OBJC_ARC = YES;
				CLANG_WARN_BOOL_CONVERSION = YES;
				CLANG_WARN_CONSTANT_CONVERSION = YES;
				CLANG_WARN_DIRECT_OBJC_ISA_USAGE = YES_ERROR;
				CLANG_WARN_EMPTY_BODY = YES;
				CLANG_WARN_ENUM_CONVERSION = YES;
				CLANG_WARN_INT_CONVERSION = YES;
				CLANG_WARN_OBJC_ROOT_CLASS = YES_ERROR;
				CLANG_WARN_UNREACHABLE_CODE = YES;
				CLANG_WARN__DUPLICATE_METHOD_MATCH = YES;
				"CODE_SIGN_IDENTITY[sdk=iphoneos*]" = "iPhone Developer";
				COPY_PHASE_STRIP = NO;
				DEBUG_INFORMATION_FORMAT = "dwarf-with-dsym";
				ENABLE_NS_ASSERTIONS = NO;
				ENABLE_STRICT_OBJC_MSGSEND = YES;
				GCC_C_LANGUAGE_STANDARD = gnu99;
				GCC_NO_COMMON_BLOCKS = YES;
				GCC_WARN_64_TO_32_BIT_CONVERSION = YES;
				GCC_WARN_ABOUT_RETURN_TYPE = YES_ERROR;
				GCC_WARN_UNDECLARED_SELECTOR = YES;
				GCC_WARN_UNINITIALIZED_AUTOS = YES_AGGRESSIVE;
				GCC_WARN_UNUSED_FUNCTION = YES;
				GCC_WARN_UNUSED_VARIABLE = YES;
				IPHONEOS_DEPLOYMENT_TARGET = 9.2;
				MTL_ENABLE_DEBUG_INFO = NO;
				SDKROOT = iphoneos;
				VALIDATE_PRODUCT = YES;
			};
			name = Release;
		};
		7EF9AC741CA8237100083EC2 /* Debug */ = {
			isa = XCBuildConfiguration;
			buildSettings = {
				ASSETCATALOG_COMPILER_APPICON_NAME = AppIcon;
				INFOPLIST_FILE = anjuwang/Info.plist;
				LD_RUNPATH_SEARCH_PATHS = "$(inherited) @executable_path/Frameworks";
				PRODUCT_BUNDLE_IDENTIFIER = com.masimin.anjuwang;
				PRODUCT_NAME = "$(TARGET_NAME)";
			};
			name = Debug;
		};
		7EF9AC751CA8237100083EC2 /* Release */ = {
			isa = XCBuildConfiguration;
			buildSettings = {
				ASSETCATALOG_COMPILER_APPICON_NAME = AppIcon;
				INFOPLIST_FILE = anjuwang/Info.plist;
				LD_RUNPATH_SEARCH_PATHS = "$(inherited) @executable_path/Frameworks";
				PRODUCT_BUNDLE_IDENTIFIER = com.masimin.anjuwang;
				PRODUCT_NAME = "$(TARGET_NAME)";
			};
			name = Release;
		};
		7EF9AC771CA8237100083EC2 /* Debug */ = {
			isa = XCBuildConfiguration;
			buildSettings = {
				BUNDLE_LOADER = "$(TEST_HOST)";
				INFOPLIST_FILE = anjuwangTests/Info.plist;
				LD_RUNPATH_SEARCH_PATHS = "$(inherited) @executable_path/Frameworks @loader_path/Frameworks";
				PRODUCT_BUNDLE_IDENTIFIER = com.masimin.anjuwangTests;
				PRODUCT_NAME = "$(TARGET_NAME)";
				TEST_HOST = "$(BUILT_PRODUCTS_DIR)/anjuwang.app/anjuwang";
			};
			name = Debug;
		};
		7EF9AC781CA8237100083EC2 /* Release */ = {
			isa = XCBuildConfiguration;
			buildSettings = {
				BUNDLE_LOADER = "$(TEST_HOST)";
				INFOPLIST_FILE = anjuwangTests/Info.plist;
				LD_RUNPATH_SEARCH_PATHS = "$(inherited) @executable_path/Frameworks @loader_path/Frameworks";
				PRODUCT_BUNDLE_IDENTIFIER = com.masimin.anjuwangTests;
				PRODUCT_NAME = "$(TARGET_NAME)";
				TEST_HOST = "$(BUILT_PRODUCTS_DIR)/anjuwang.app/anjuwang";
			};
			name = Release;
		};
		7EF9AC7A1CA8237100083EC2 /* Debug */ = {
			isa = XCBuildConfiguration;
			buildSettings = {
				INFOPLIST_FILE = anjuwangUITests/Info.plist;
				LD_RUNPATH_SEARCH_PATHS = "$(inherited) @executable_path/Frameworks @loader_path/Frameworks";
				PRODUCT_BUNDLE_IDENTIFIER = com.masimin.anjuwangUITests;
				PRODUCT_NAME = "$(TARGET_NAME)";
				TEST_TARGET_NAME = anjuwang;
				USES_XCTRUNNER = YES;
			};
			name = Debug;
		};
		7EF9AC7B1CA8237100083EC2 /* Release */ = {
			isa = XCBuildConfiguration;
			buildSettings = {
				INFOPLIST_FILE = anjuwangUITests/Info.plist;
				LD_RUNPATH_SEARCH_PATHS = "$(inherited) @executable_path/Frameworks @loader_path/Frameworks";
				PRODUCT_BUNDLE_IDENTIFIER = com.masimin.anjuwangUITests;
				PRODUCT_NAME = "$(TARGET_NAME)";
				TEST_TARGET_NAME = anjuwang;
				USES_XCTRUNNER = YES;
			};
			name = Release;
		};
/* End XCBuildConfiguration section */

/* Begin XCConfigurationList section */
		7EF9AC411CA8237100083EC2 /* Build configuration list for PBXProject "anjuwang" */ = {
			isa = XCConfigurationList;
			buildConfigurations = (
				7EF9AC711CA8237100083EC2 /* Debug */,
				7EF9AC721CA8237100083EC2 /* Release */,
			);
			defaultConfigurationIsVisible = 0;
			defaultConfigurationName = Release;
		};
		7EF9AC731CA8237100083EC2 /* Build configuration list for PBXNativeTarget "anjuwang" */ = {
			isa = XCConfigurationList;
			buildConfigurations = (
				7EF9AC741CA8237100083EC2 /* Debug */,
				7EF9AC751CA8237100083EC2 /* Release */,
			);
			defaultConfigurationIsVisible = 0;
		};
		7EF9AC761CA8237100083EC2 /* Build configuration list for PBXNativeTarget "anjuwangTests" */ = {
			isa = XCConfigurationList;
			buildConfigurations = (
				7EF9AC771CA8237100083EC2 /* Debug */,
				7EF9AC781CA8237100083EC2 /* Release */,
			);
			defaultConfigurationIsVisible = 0;
		};
		7EF9AC791CA8237100083EC2 /* Build configuration list for PBXNativeTarget "anjuwangUITests" */ = {
			isa = XCConfigurationList;
			buildConfigurations = (
				7EF9AC7A1CA8237100083EC2 /* Debug */,
				7EF9AC7B1CA8237100083EC2 /* Release */,
			);
			defaultConfigurationIsVisible = 0;
		};
/* End XCConfigurationList section */
	};
	rootObject = 7EF9AC3E1CA8237100083EC2 /* Project object */;
}
